
Microsoft Visual Studio Solution File, Format Version 12.00
# Visual Studio Version 17
VisualStudioVersion = 17.11.35222.181
MinimumVisualStudioVersion = 10.0.40219.1
Project("{2150E333-8FDC-42A3-9474-1A3956D46DE8}") = "Task0", "Task0", "{A0EC8AE6-BF39-402A-97D3-13FFDBE19D96}"
EndProject
Project("{FAE04EC0-301F-11D3-BF4B-00C04F79EFBC}") = "Tyuiu.GalimovaAS.Sprint5.Task0.V24", "Tyuiu.GalimovaAS.Sprint5.Task0.V24\Tyuiu.GalimovaAS.Sprint5.Task0.V24.csproj", "{55875F37-529E-4B42-A1C2-E3089B1632AF}"
EndProject
Project("{FAE04EC0-301F-11D3-BF4B-00C04F79EFBC}") = "Tyuiu.GalimovaAS.Sprint5.Task0.V24.Lib", "Tyuiu.GalimovaAS.Sprint5.Task0.V24.Lib\Tyuiu.GalimovaAS.Sprint5.Task0.V24.Lib.csproj", "{85AF0ECF-4BE9-433B-957A-09B36FFF929F}"
EndProject
Project("{FAE04EC0-301F-11D3-BF4B-00C04F79EFBC}") = "Tyuiu.GalimovaAS.Sprint5.Task0.V24.Test", "Tyuiu.GalimovaAS.Sprint5.Task0.V24.Test\Tyuiu.GalimovaAS.Sprint5.Task0.V24.Test.csproj", "{EDDE0DEA-A794-4EDA-A853-D85ABE503441}"
EndProject
Project("{2150E333-8FDC-42A3-9474-1A3956D46DE8}") = "Task1", "Task1", "{DC44AD3A-5E31-45A7-A924-3F9C4BBEE843}"
EndProject
Project("{FAE04EC0-301F-11D3-BF4B-00C04F79EFBC}") = "Tyuiu.GalimovaAS.Sprint5.Task1.V22", "Tyuiu.GalimovaAS.Sprint5.Task1.V22\Tyuiu.GalimovaAS.Sprint5.Task1.V22.csproj", "{4D716982-EDA2-4062-A326-EE734645F2BF}"
EndProject
Project("{FAE04EC0-301F-11D3-BF4B-00C04F79EFBC}") = "Tyuiu.GalimovaAS.Sprint5.Task1.V22.Lib", "Tyuiu.GalimovaAS.Sprint5.Task1.V22.Lib\Tyuiu.GalimovaAS.Sprint5.Task1.V22.Lib.csproj", "{8F217CAD-0636-4BE7-B14F-DB6DF3CDD3C1}"
EndProject
Project("{FAE04EC0-301F-11D3-BF4B-00C04F79EFBC}") = "Tyuiu.GalimovaAS.Sprint5.Task1.V22.Test", "Tyuiu.GalimovaAS.Sprint5.Task1.V22.Test\Tyuiu.GalimovaAS.Sprint5.Task1.V22.Test.csproj", "{5A3E4C37-E77C-4521-99E7-243BACF6E7B3}"
EndProject
Project("{2150E333-8FDC-42A3-9474-1A3956D46DE8}") = "Task2", "Task2", "{202189BA-894E-4EC1-951A-1C22B5212765}"
EndProject
Project("{FAE04EC0-301F-11D3-BF4B-00C04F79EFBC}") = "Tyuiu.GalimovaAS.Sprint5.Task2.V27", "Tyuiu.GalimovaAS.Sprint5.Task2.V27\Tyuiu.GalimovaAS.Sprint5.Task2.V27.csproj", "{66CEF765-F3D1-4341-997C-747FAB3DCD53}"
EndProject
Project("{FAE04EC0-301F-11D3-BF4B-00C04F79EFBC}") = "Tyuiu.GalimovaAS.Sprint5.Task2.V27.Lib", "Tyuiu.GalimovaAS.Sprint5.Task2.V27.Lib\Tyuiu.GalimovaAS.Sprint5.Task2.V27.Lib.csproj", "{147CC839-DFD1-4766-86F1-B754AD71281E}"
EndProject
Project("{FAE04EC0-301F-11D3-BF4B-00C04F79EFBC}") = "Tyuiu.GalimovaAS.Sprint5.Task2.V27.Test", "Tyuiu.GalimovaAS.Sprint5.Task2.V27.Test\Tyuiu.GalimovaAS.Sprint5.Task2.V27.Test.csproj", "{E7B046C8-8BEA-4E9A-B0D3-9E780623B4BB}"
EndProject
Project("{2150E333-8FDC-42A3-9474-1A3956D46DE8}") = "Task3", "Task3", "{DE222D0B-A5EE-468F-8005-8C701CF6023F}"
EndProject
Project("{FAE04EC0-301F-11D3-BF4B-00C04F79EFBC}") = "Tyuiu.GalimovaAS.Sprint5.Task3.V7", "Tyuiu.GalimovaAS.Sprint5.Task3.V7\Tyuiu.GalimovaAS.Sprint5.Task3.V7.csproj", "{12A05287-469D-4F79-A910-894AC340EF11}"
EndProject
Project("{FAE04EC0-301F-11D3-BF4B-00C04F79EFBC}") = "Tyuiu.GalimovaAS.Sprint5.Task3.V7.Lib", "Tyuiu.GalimovaAS.Sprint5.Task3.V7.Lib\Tyuiu.GalimovaAS.Sprint5.Task3.V7.Lib.csproj", "{74A9A08E-02B6-41B1-88C0-517966CE67E2}"
EndProject
Project("{FAE04EC0-301F-11D3-BF4B-00C04F79EFBC}") = "Tyuiu.GalimivaAS.Sprint5.Task3.V7.Test", "Tyuiu.GalimivaAS.Sprint5.Task3.V7.Test\Tyuiu.GalimivaAS.Sprint5.Task3.V7.Test.csproj", "{937BB15B-9900-4267-95D8-E4B8DA4849CD}"
EndProject
Global
	GlobalSection(SolutionConfigurationPlatforms) = preSolution
		Debug|Any CPU = Debug|Any CPU
		Release|Any CPU = Release|Any CPU
	EndGlobalSection
	GlobalSection(ProjectConfigurationPlatforms) = postSolution
		{55875F37-529E-4B42-A1C2-E3089B1632AF}.Debug|Any CPU.ActiveCfg = Debug|Any CPU
		{55875F37-529E-4B42-A1C2-E3089B1632AF}.Debug|Any CPU.Build.0 = Debug|Any CPU
		{55875F37-529E-4B42-A1C2-E3089B1632AF}.Release|Any CPU.ActiveCfg = Release|Any CPU
		{55875F37-529E-4B42-A1C2-E3089B1632AF}.Release|Any CPU.Build.0 = Release|Any CPU
		{85AF0ECF-4BE9-433B-957A-09B36FFF929F}.Debug|Any CPU.ActiveCfg = Debug|Any CPU
		{85AF0ECF-4BE9-433B-957A-09B36FFF929F}.Debug|Any CPU.Build.0 = Debug|Any CPU
		{85AF0ECF-4BE9-433B-957A-09B36FFF929F}.Release|Any CPU.ActiveCfg = Release|Any CPU
		{85AF0ECF-4BE9-433B-957A-09B36FFF929F}.Release|Any CPU.Build.0 = Release|Any CPU
		{EDDE0DEA-A794-4EDA-A853-D85ABE503441}.Debug|Any CPU.ActiveCfg = Debug|Any CPU
		{EDDE0DEA-A794-4EDA-A853-D85ABE503441}.Debug|Any CPU.Build.0 = Debug|Any CPU
		{EDDE0DEA-A794-4EDA-A853-D85ABE503441}.Release|Any CPU.ActiveCfg = Release|Any CPU
		{EDDE0DEA-A794-4EDA-A853-D85ABE503441}.Release|Any CPU.Build.0 = Release|Any CPU
		{4D716982-EDA2-4062-A326-EE734645F2BF}.Debug|Any CPU.ActiveCfg = Debug|Any CPU
		{4D716982-EDA2-4062-A326-EE734645F2BF}.Debug|Any CPU.Build.0 = Debug|Any CPU
		{4D716982-EDA2-4062-A326-EE734645F2BF}.Release|Any CPU.ActiveCfg = Release|Any CPU
		{4D716982-EDA2-4062-A326-EE734645F2BF}.Release|Any CPU.Build.0 = Release|Any CPU
		{8F217CAD-0636-4BE7-B14F-DB6DF3CDD3C1}.Debug|Any CPU.ActiveCfg = Debug|Any CPU
		{8F217CAD-0636-4BE7-B14F-DB6DF3CDD3C1}.Debug|Any CPU.Build.0 = Debug|Any CPU
		{8F217CAD-0636-4BE7-B14F-DB6DF3CDD3C1}.Release|Any CPU.ActiveCfg = Release|Any CPU
		{8F217CAD-0636-4BE7-B14F-DB6DF3CDD3C1}.Release|Any CPU.Build.0 = Release|Any CPU
		{5A3E4C37-E77C-4521-99E7-243BACF6E7B3}.Debug|Any CPU.ActiveCfg = Debug|Any CPU
		{5A3E4C37-E77C-4521-99E7-243BACF6E7B3}.Debug|Any CPU.Build.0 = Debug|Any CPU
		{5A3E4C37-E77C-4521-99E7-243BACF6E7B3}.Release|Any CPU.ActiveCfg = Release|Any CPU
		{5A3E4C37-E77C-4521-99E7-243BACF6E7B3}.Release|Any CPU.Build.0 = Release|Any CPU
		{66CEF765-F3D1-4341-997C-747FAB3DCD53}.Debug|Any CPU.ActiveCfg = Debug|Any CPU
		{66CEF765-F3D1-4341-997C-747FAB3DCD53}.Debug|Any CPU.Build.0 = Debug|Any CPU
		{66CEF765-F3D1-4341-997C-747FAB3DCD53}.Release|Any CPU.ActiveCfg = Release|Any CPU
		{66CEF765-F3D1-4341-997C-747FAB3DCD53}.Release|Any CPU.Build.0 = Release|Any CPU
		{147CC839-DFD1-4766-86F1-B754AD71281E}.Debug|Any CPU.ActiveCfg = Debug|Any CPU
		{147CC839-DFD1-4766-86F1-B754AD71281E}.Debug|Any CPU.Build.0 = Debug|Any CPU
		{147CC839-DFD1-4766-86F1-B754AD71281E}.Release|Any CPU.ActiveCfg = Release|Any CPU
		{147CC839-DFD1-4766-86F1-B754AD71281E}.Release|Any CPU.Build.0 = Release|Any CPU
		{E7B046C8-8BEA-4E9A-B0D3-9E780623B4BB}.Debug|Any CPU.ActiveCfg = Debug|Any CPU
		{E7B046C8-8BEA-4E9A-B0D3-9E780623B4BB}.Debug|Any CPU.Build.0 = Debug|Any CPU
		{E7B046C8-8BEA-4E9A-B0D3-9E780623B4BB}.Release|Any CPU.ActiveCfg = Release|Any CPU
		{E7B046C8-8BEA-4E9A-B0D3-9E780623B4BB}.Release|Any CPU.Build.0 = Release|Any CPU
		{12A05287-469D-4F79-A910-894AC340EF11}.Debug|Any CPU.ActiveCfg = Debug|Any CPU
		{12A05287-469D-4F79-A910-894AC340EF11}.Debug|Any CPU.Build.0 = Debug|Any CPU
		{12A05287-469D-4F79-A910-894AC340EF11}.Release|Any CPU.ActiveCfg = Release|Any CPU
		{12A05287-469D-4F79-A910-894AC340EF11}.Release|Any CPU.Build.0 = Release|Any CPU
		{74A9A08E-02B6-41B1-88C0-517966CE67E2}.Debug|Any CPU.ActiveCfg = Debug|Any CPU
		{74A9A08E-02B6-41B1-88C0-517966CE67E2}.Debug|Any CPU.Build.0 = Debug|Any CPU
		{74A9A08E-02B6-41B1-88C0-517966CE67E2}.Release|Any CPU.ActiveCfg = Release|Any CPU
		{74A9A08E-02B6-41B1-88C0-517966CE67E2}.Release|Any CPU.Build.0 = Release|Any CPU
		{937BB15B-9900-4267-95D8-E4B8DA4849CD}.Debug|Any CPU.ActiveCfg = Debug|Any CPU
		{937BB15B-9900-4267-95D8-E4B8DA4849CD}.Debug|Any CPU.Build.0 = Debug|Any CPU
		{937BB15B-9900-4267-95D8-E4B8DA4849CD}.Release|Any CPU.ActiveCfg = Release|Any CPU
		{937BB15B-9900-4267-95D8-E4B8DA4849CD}.Release|Any CPU.Build.0 = Release|Any CPU
	EndGlobalSection
	GlobalSection(SolutionProperties) = preSolution
		HideSolutionNode = FALSE
	EndGlobalSection
	GlobalSection(NestedProjects) = preSolution
		{55875F37-529E-4B42-A1C2-E3089B1632AF} = {A0EC8AE6-BF39-402A-97D3-13FFDBE19D96}
		{85AF0ECF-4BE9-433B-957A-09B36FFF929F} = {A0EC8AE6-BF39-402A-97D3-13FFDBE19D96}
		{EDDE0DEA-A794-4EDA-A853-D85ABE503441} = {A0EC8AE6-BF39-402A-97D3-13FFDBE19D96}
		{4D716982-EDA2-4062-A326-EE734645F2BF} = {DC44AD3A-5E31-45A7-A924-3F9C4BBEE843}
		{8F217CAD-0636-4BE7-B14F-DB6DF3CDD3C1} = {DC44AD3A-5E31-45A7-A924-3F9C4BBEE843}
		{5A3E4C37-E77C-4521-99E7-243BACF6E7B3} = {DC44AD3A-5E31-45A7-A924-3F9C4BBEE843}
		{66CEF765-F3D1-4341-997C-747FAB3DCD53} = {202189BA-894E-4EC1-951A-1C22B5212765}
		{147CC839-DFD1-4766-86F1-B754AD71281E} = {202189BA-894E-4EC1-951A-1C22B5212765}
		{E7B046C8-8BEA-4E9A-B0D3-9E780623B4BB} = {202189BA-894E-4EC1-951A-1C22B5212765}
		{12A05287-469D-4F79-A910-894AC340EF11} = {DE222D0B-A5EE-468F-8005-8C701CF6023F}
		{74A9A08E-02B6-41B1-88C0-517966CE67E2} = {DE222D0B-A5EE-468F-8005-8C701CF6023F}
		{937BB15B-9900-4267-95D8-E4B8DA4849CD} = {DE222D0B-A5EE-468F-8005-8C701CF6023F}
	EndGlobalSection
	GlobalSection(ExtensibilityGlobals) = postSolution
		SolutionGuid = {D3F39FAB-45C9-47A8-A496-CEE6EF5C1696}
	EndGlobalSection
EndGlobal
